
Microsoft Visual Studio Solution File, Format Version 12.00
# Visual Studio Version 16
VisualStudioVersion = 16.0.30104.148
MinimumVisualStudioVersion = 10.0.40219.1
Project("{FAE04EC0-301F-11D3-BF4B-00C04F79EFBC}") = "CalculadoraProfit", "CalculadoraProfit\CalculadoraProfit.csproj", "{B243DF60-BF09-4236-92F6-DE73CB9699E9}"
EndProject
Global
	GlobalSection(SolutionConfigurationPlatforms) = preSolution
		Debug|Any CPU = Debug|Any CPU
		Release|Any CPU = Release|Any CPU
	EndGlobalSection
	GlobalSection(ProjectConfigurationPlatforms) = postSolution
		{B243DF60-BF09-4236-92F6-DE73CB9699E9}.Debug|Any CPU.ActiveCfg = Debug|Any CPU
		{B243DF60-BF09-4236-92F6-DE73CB9699E9}.Debug|Any CPU.Build.0 = Debug|Any CPU
		{B243DF60-BF09-4236-92F6-DE73CB9699E9}.Release|Any CPU.ActiveCfg = Release|Any CPU
		{B243DF60-BF09-4236-92F6-DE73CB9699E9}.Release|Any CPU.Build.0 = Release|Any CPU
	EndGlobalSection
	GlobalSection(SolutionProperties) = preSolution
		HideSolutionNode = FALSE
	EndGlobalSection
	GlobalSection(ExtensibilityGlobals) = postSolution
		SolutionGuid = {D55179D1-D9D6-4CCA-8476-811F767E0E1A}
	EndGlobalSection
EndGlobal
